// !$*UTF8*$!
{
	archiveVersion = 1;
	classes = {
	};
	objectVersion = 77;
	objects = {

/* Begin PBXBuildFile section */
		0877BB8EA417A60F1F577800 /* SessionSidebarView.swift in Sources */ = {isa = PBXBuildFile; fileRef = 8EB4DA40B47A6CE46CC9797F /* SessionSidebarView.swift */; };
		08F925B0F2FCF5B7E66B746D /* ServerListView.swift in Sources */ = {isa = PBXBuildFile; fileRef = 36C86DE341C6B0EC9ED1F8BB /* ServerListView.swift */; };
		19335B16C80AB300567F9558 /* TextCleaner.swift in Sources */ = {isa = PBXBuildFile; fileRef = A3D5B4184BE3EBE42DB37B2D /* TextCleaner.swift */; };
		2F089377DAA194A044572F1D /* KeyboardAccessory.swift in Sources */ = {isa = PBXBuildFile; fileRef = 03CCD809DA85DE7858FE6A87 /* KeyboardAccessory.swift */; };
		31E3C54B6BC227D5C5A03BD9 /* SpeechEngineState.swift in Sources */ = {isa = PBXBuildFile; fileRef = 911C67F9B9B397EAF41E66AA /* SpeechEngineState.swift */; };
		33CB2A7296D4D8959C1C8A3C /* TextCleanerStaticTests.swift in Sources */ = {isa = PBXBuildFile; fileRef = C6782154FCD1AA4FC355A0B9 /* TextCleanerStaticTests.swift */; };
		3806EBB40B1AC2B979D2E6AB /* LLM in Frameworks */ = {isa = PBXBuildFile; productRef = 51931B74F9245F0A1F0344F4 /* LLM */; };
		382DD387109329B4EC0DB56B /* AddEditServerView.swift in Sources */ = {isa = PBXBuildFile; fileRef = 55B2AF59490A10B933D223D7 /* AddEditServerView.swift */; };
		4644DE3ED2824ABC39E387F8 /* SettingsView.swift in Sources */ = {isa = PBXBuildFile; fileRef = 91B48FD6DC9E458119F76B8E /* SettingsView.swift */; };
		5F5CF1FE1D420934C11556C7 /* WhisperTranscriber.swift in Sources */ = {isa = PBXBuildFile; fileRef = 7133C47C3A9D6401595F3446 /* WhisperTranscriber.swift */; };
		5FA509C701D58494DCC05471 /* Assets.xcassets in Resources */ = {isa = PBXBuildFile; fileRef = BA02853D523E6DAF7B5CD68D /* Assets.xcassets */; };
		6529F1CAC9948761A14893E9 /* AddEditServerViewModel.swift in Sources */ = {isa = PBXBuildFile; fileRef = 338CD3ED0482F3AB64117CF9 /* AddEditServerViewModel.swift */; };
		7E9F091C0D22BC8F83E18092 /* WorkspaceView.swift in Sources */ = {isa = PBXBuildFile; fileRef = 68A6EA1094483278ADD0146F /* WorkspaceView.swift */; };
		840B590A1111404972A10D4F /* TerminalViewModel.swift in Sources */ = {isa = PBXBuildFile; fileRef = 700712F6C8FC16A5214C345A /* TerminalViewModel.swift */; };
		938D018C46C19AA652D25CBC /* OnDeviceSpeechEngineTests.swift in Sources */ = {isa = PBXBuildFile; fileRef = D056FB2ADC91419A5B818866 /* OnDeviceSpeechEngineTests.swift */; };
		9BC5C1857B9B1DF31D6652D2 /* SessionCoordinator.swift in Sources */ = {isa = PBXBuildFile; fileRef = AE187F4CD17DE18B5927964D /* SessionCoordinator.swift */; };
		A104966DDC83E2BDA5612709 /* SavedConnection.swift in Sources */ = {isa = PBXBuildFile; fileRef = A5E5892147C00AFFADE02948 /* SavedConnection.swift */; };
		A55D2687ECBFEB0BD138BACA /* ClaudeRelayApp.swift in Sources */ = {isa = PBXBuildFile; fileRef = 203B7144359F258D91797C4E /* ClaudeRelayApp.swift */; };
		B2269BDFBD27F8A4464C7B2B /* OnDeviceSpeechEngine.swift in Sources */ = {isa = PBXBuildFile; fileRef = BED0A684BA08A6A814A22BC4 /* OnDeviceSpeechEngine.swift */; };
		B5376C2F37A692756173FBEE /* ServerStatusChecker.swift in Sources */ = {isa = PBXBuildFile; fileRef = 5058C78AD25D1538CC2D57F9 /* ServerStatusChecker.swift */; };
		B5928FFA4B1500FD2062C36C /* SplashScreenView.swift in Sources */ = {isa = PBXBuildFile; fileRef = 79A7D6C757F3F4D55DDE13B0 /* SplashScreenView.swift */; };
		B86A8371A657E020A7E507C4 /* ActiveTerminalView.swift in Sources */ = {isa = PBXBuildFile; fileRef = 0BA9F1A3D0A1C24B057EF633 /* ActiveTerminalView.swift */; };
		BB36A7F84B4D5BD57244E8AF /* ServerListViewModel.swift in Sources */ = {isa = PBXBuildFile; fileRef = 2ECDDEFC7B5354014FB3BFCA /* ServerListViewModel.swift */; };
		BD146EC8C1D5AC64E63E39DD /* SpeechModelStore.swift in Sources */ = {isa = PBXBuildFile; fileRef = 6E190520294712DF54746164 /* SpeechModelStore.swift */; };
		C859391329AB328F111CDC24 /* CloudPromptEnhancer.swift in Sources */ = {isa = PBXBuildFile; fileRef = A1F9E5FB838BACE3EFE25053 /* CloudPromptEnhancer.swift */; };
		CCCBDB052AD5F9FFDFEE452F /* SwiftTerm in Frameworks */ = {isa = PBXBuildFile; productRef = CB2627EF23FDE67AF2E31A6A /* SwiftTerm */; };
		D5D85EABC55C071F8597AA44 /* MockSpeechComponents.swift in Sources */ = {isa = PBXBuildFile; fileRef = C3126D30262A416EE37DCA6E /* MockSpeechComponents.swift */; };
		E773E7EDA1271778ADC748E0 /* AppSettings.swift in Sources */ = {isa = PBXBuildFile; fileRef = 2BC85F57C078BD1CFAAFED7C /* AppSettings.swift */; };
		E9FBE1A1DE907E4CF7E23433 /* WhisperKit in Frameworks */ = {isa = PBXBuildFile; productRef = 0CBB468C2C2BFB21A5A3C335 /* WhisperKit */; };
		ECB70A1E160B86A34825974D /* AudioCaptureSession.swift in Sources */ = {isa = PBXBuildFile; fileRef = B8650A7BA2F46F759A711A93 /* AudioCaptureSession.swift */; };
		F5391066E5BB1F15D347FCA7 /* ClaudeRelayClient in Frameworks */ = {isa = PBXBuildFile; productRef = 79A9D0B1D5DEC741B2045A7E /* ClaudeRelayClient */; };
/* End PBXBuildFile section */

/* Begin PBXContainerItemProxy section */
		6B7C09059E2F7F6FFA79C7BE /* PBXContainerItemProxy */ = {
			isa = PBXContainerItemProxy;
			containerPortal = B3F1AC50CD8DFE78AB64F3DE /* Project object */;
			proxyType = 1;
			remoteGlobalIDString = 53D3A67986EB0528C6161974;
			remoteInfo = ClaudeRelayApp;
		};
/* End PBXContainerItemProxy section */

/* Begin PBXFileReference section */
		03CCD809DA85DE7858FE6A87 /* KeyboardAccessory.swift */ = {isa = PBXFileReference; lastKnownFileType = sourcecode.swift; path = KeyboardAccessory.swift; sourceTree = "<group>"; };
		0BA9F1A3D0A1C24B057EF633 /* ActiveTerminalView.swift */ = {isa = PBXFileReference; lastKnownFileType = sourcecode.swift; path = ActiveTerminalView.swift; sourceTree = "<group>"; };
		19AE62421B4B1F4DB8E4E2FA /* LLM.swift */ = {isa = PBXFileReference; lastKnownFileType = folder; name = LLM.swift; path = ../LLM.swift; sourceTree = SOURCE_ROOT; };
		203B7144359F258D91797C4E /* ClaudeRelayApp.swift */ = {isa = PBXFileReference; lastKnownFileType = sourcecode.swift; path = ClaudeRelayApp.swift; sourceTree = "<group>"; };
		2BC85F57C078BD1CFAAFED7C /* AppSettings.swift */ = {isa = PBXFileReference; lastKnownFileType = sourcecode.swift; path = AppSettings.swift; sourceTree = "<group>"; };
		2ECDDEFC7B5354014FB3BFCA /* ServerListViewModel.swift */ = {isa = PBXFileReference; lastKnownFileType = sourcecode.swift; path = ServerListViewModel.swift; sourceTree = "<group>"; };
		338CD3ED0482F3AB64117CF9 /* AddEditServerViewModel.swift */ = {isa = PBXFileReference; lastKnownFileType = sourcecode.swift; path = AddEditServerViewModel.swift; sourceTree = "<group>"; };
		36C86DE341C6B0EC9ED1F8BB /* ServerListView.swift */ = {isa = PBXFileReference; lastKnownFileType = sourcecode.swift; path = ServerListView.swift; sourceTree = "<group>"; };
		5058C78AD25D1538CC2D57F9 /* ServerStatusChecker.swift */ = {isa = PBXFileReference; lastKnownFileType = sourcecode.swift; path = ServerStatusChecker.swift; sourceTree = "<group>"; };
		55B2AF59490A10B933D223D7 /* AddEditServerView.swift */ = {isa = PBXFileReference; lastKnownFileType = sourcecode.swift; path = AddEditServerView.swift; sourceTree = "<group>"; };
		68A6EA1094483278ADD0146F /* WorkspaceView.swift */ = {isa = PBXFileReference; lastKnownFileType = sourcecode.swift; path = WorkspaceView.swift; sourceTree = "<group>"; };
		6E190520294712DF54746164 /* SpeechModelStore.swift */ = {isa = PBXFileReference; lastKnownFileType = sourcecode.swift; path = SpeechModelStore.swift; sourceTree = "<group>"; };
		700712F6C8FC16A5214C345A /* TerminalViewModel.swift */ = {isa = PBXFileReference; lastKnownFileType = sourcecode.swift; path = TerminalViewModel.swift; sourceTree = "<group>"; };
		7133C47C3A9D6401595F3446 /* WhisperTranscriber.swift */ = {isa = PBXFileReference; lastKnownFileType = sourcecode.swift; path = WhisperTranscriber.swift; sourceTree = "<group>"; };
		79A7D6C757F3F4D55DDE13B0 /* SplashScreenView.swift */ = {isa = PBXFileReference; lastKnownFileType = sourcecode.swift; path = SplashScreenView.swift; sourceTree = "<group>"; };
		7C001E978A6A6C85BABCA076 /* ClaudeRelayApp.app */ = {isa = PBXFileReference; includeInIndex = 0; lastKnownFileType = wrapper.application; path = ClaudeRelayApp.app; sourceTree = BUILT_PRODUCTS_DIR; };
		7CDE7061F16DD811CA184B2B /* ClaudeRelay */ = {isa = PBXFileReference; lastKnownFileType = folder; name = ClaudeRelay; path = .; sourceTree = SOURCE_ROOT; };
		8EB4DA40B47A6CE46CC9797F /* SessionSidebarView.swift */ = {isa = PBXFileReference; lastKnownFileType = sourcecode.swift; path = SessionSidebarView.swift; sourceTree = "<group>"; };
		911C67F9B9B397EAF41E66AA /* SpeechEngineState.swift */ = {isa = PBXFileReference; lastKnownFileType = sourcecode.swift; path = SpeechEngineState.swift; sourceTree = "<group>"; };
		91B48FD6DC9E458119F76B8E /* SettingsView.swift */ = {isa = PBXFileReference; lastKnownFileType = sourcecode.swift; path = SettingsView.swift; sourceTree = "<group>"; };
		91FD1804AA1C8F43534632C6 /* ClaudeRelayAppTests.xctest */ = {isa = PBXFileReference; includeInIndex = 0; lastKnownFileType = wrapper.cfbundle; path = ClaudeRelayAppTests.xctest; sourceTree = BUILT_PRODUCTS_DIR; };
		A1F9E5FB838BACE3EFE25053 /* CloudPromptEnhancer.swift */ = {isa = PBXFileReference; lastKnownFileType = sourcecode.swift; path = CloudPromptEnhancer.swift; sourceTree = "<group>"; };
		A3D5B4184BE3EBE42DB37B2D /* TextCleaner.swift */ = {isa = PBXFileReference; lastKnownFileType = sourcecode.swift; path = TextCleaner.swift; sourceTree = "<group>"; };
		A5E5892147C00AFFADE02948 /* SavedConnection.swift */ = {isa = PBXFileReference; lastKnownFileType = sourcecode.swift; path = SavedConnection.swift; sourceTree = "<group>"; };
		AE187F4CD17DE18B5927964D /* SessionCoordinator.swift */ = {isa = PBXFileReference; lastKnownFileType = sourcecode.swift; path = SessionCoordinator.swift; sourceTree = "<group>"; };
		B8650A7BA2F46F759A711A93 /* AudioCaptureSession.swift */ = {isa = PBXFileReference; lastKnownFileType = sourcecode.swift; path = AudioCaptureSession.swift; sourceTree = "<group>"; };
		BA02853D523E6DAF7B5CD68D /* Assets.xcassets */ = {isa = PBXFileReference; lastKnownFileType = folder.assetcatalog; path = Assets.xcassets; sourceTree = "<group>"; };
		BED0A684BA08A6A814A22BC4 /* OnDeviceSpeechEngine.swift */ = {isa = PBXFileReference; lastKnownFileType = sourcecode.swift; path = OnDeviceSpeechEngine.swift; sourceTree = "<group>"; };
		C3126D30262A416EE37DCA6E /* MockSpeechComponents.swift */ = {isa = PBXFileReference; lastKnownFileType = sourcecode.swift; path = MockSpeechComponents.swift; sourceTree = "<group>"; };
		C6782154FCD1AA4FC355A0B9 /* TextCleanerStaticTests.swift */ = {isa = PBXFileReference; lastKnownFileType = sourcecode.swift; path = TextCleanerStaticTests.swift; sourceTree = "<group>"; };
		C869AB0FEAB465EB76190FC2 /* Info.plist */ = {isa = PBXFileReference; lastKnownFileType = text.plist; path = Info.plist; sourceTree = "<group>"; };
		D056FB2ADC91419A5B818866 /* OnDeviceSpeechEngineTests.swift */ = {isa = PBXFileReference; lastKnownFileType = sourcecode.swift; path = OnDeviceSpeechEngineTests.swift; sourceTree = "<group>"; };
/* End PBXFileReference section */

/* Begin PBXFrameworksBuildPhase section */
		150BE605ED1B238B4F2F9908 /* Frameworks */ = {
			isa = PBXFrameworksBuildPhase;
			buildActionMask = 2147483647;
			files = (
				F5391066E5BB1F15D347FCA7 /* ClaudeRelayClient in Frameworks */,
				CCCBDB052AD5F9FFDFEE452F /* SwiftTerm in Frameworks */,
				E9FBE1A1DE907E4CF7E23433 /* WhisperKit in Frameworks */,
				3806EBB40B1AC2B979D2E6AB /* LLM in Frameworks */,
			);
			runOnlyForDeploymentPostprocessing = 0;
		};
/* End PBXFrameworksBuildPhase section */

/* Begin PBXGroup section */
		1E6EF5C113D73BD28A423C83 /* ViewModels */ = {
			isa = PBXGroup;
			children = (
				338CD3ED0482F3AB64117CF9 /* AddEditServerViewModel.swift */,
				2ECDDEFC7B5354014FB3BFCA /* ServerListViewModel.swift */,
				5058C78AD25D1538CC2D57F9 /* ServerStatusChecker.swift */,
				AE187F4CD17DE18B5927964D /* SessionCoordinator.swift */,
				700712F6C8FC16A5214C345A /* TerminalViewModel.swift */,
			);
			path = ViewModels;
			sourceTree = "<group>";
		};
		3AA098A37E7D398E1EC025E4 /* Products */ = {
			isa = PBXGroup;
			children = (
				7C001E978A6A6C85BABCA076 /* ClaudeRelayApp.app */,
				91FD1804AA1C8F43534632C6 /* ClaudeRelayAppTests.xctest */,
			);
			name = Products;
			sourceTree = "<group>";
		};
		3C544709576E8C546087C992 /* Models */ = {
			isa = PBXGroup;
			children = (
				2BC85F57C078BD1CFAAFED7C /* AppSettings.swift */,
				A5E5892147C00AFFADE02948 /* SavedConnection.swift */,
			);
			path = Models;
			sourceTree = "<group>";
		};
		70BD4C5D5BA2300CBF265C8E /* Views */ = {
			isa = PBXGroup;
			children = (
				0BA9F1A3D0A1C24B057EF633 /* ActiveTerminalView.swift */,
				55B2AF59490A10B933D223D7 /* AddEditServerView.swift */,
				36C86DE341C6B0EC9ED1F8BB /* ServerListView.swift */,
				8EB4DA40B47A6CE46CC9797F /* SessionSidebarView.swift */,
				91B48FD6DC9E458119F76B8E /* SettingsView.swift */,
				79A7D6C757F3F4D55DDE13B0 /* SplashScreenView.swift */,
				68A6EA1094483278ADD0146F /* WorkspaceView.swift */,
				E7C7F2B75F10B4F3A2F3713A /* Components */,
			);
			path = Views;
			sourceTree = "<group>";
		};
		738834D27068F0B0BB3D8599 = {
			isa = PBXGroup;
			children = (
				FD9BDF9589CD5417F7C454F4 /* ClaudeRelayApp */,
				FADB8ECCEC3717C13790030F /* ClaudeRelayAppTests */,
				7D4E3B0EAF3D5DCAC3E10215 /* Packages */,
				3AA098A37E7D398E1EC025E4 /* Products */,
			);
			sourceTree = "<group>";
		};
		7D4E3B0EAF3D5DCAC3E10215 /* Packages */ = {
			isa = PBXGroup;
			children = (
				7CDE7061F16DD811CA184B2B /* ClaudeRelay */,
				19AE62421B4B1F4DB8E4E2FA /* LLM.swift */,
			);
			name = Packages;
			sourceTree = "<group>";
		};
		BB16FAFA733467A18CB796CD /* Speech */ = {
			isa = PBXGroup;
			children = (
				B8650A7BA2F46F759A711A93 /* AudioCaptureSession.swift */,
				A1F9E5FB838BACE3EFE25053 /* CloudPromptEnhancer.swift */,
				BED0A684BA08A6A814A22BC4 /* OnDeviceSpeechEngine.swift */,
				911C67F9B9B397EAF41E66AA /* SpeechEngineState.swift */,
				6E190520294712DF54746164 /* SpeechModelStore.swift */,
				A3D5B4184BE3EBE42DB37B2D /* TextCleaner.swift */,
				7133C47C3A9D6401595F3446 /* WhisperTranscriber.swift */,
			);
			path = Speech;
			sourceTree = "<group>";
		};
		E7C7F2B75F10B4F3A2F3713A /* Components */ = {
			isa = PBXGroup;
			children = (
				03CCD809DA85DE7858FE6A87 /* KeyboardAccessory.swift */,
			);
			path = Components;
			sourceTree = "<group>";
		};
		FADB8ECCEC3717C13790030F /* ClaudeRelayAppTests */ = {
			isa = PBXGroup;
			children = (
				C3126D30262A416EE37DCA6E /* MockSpeechComponents.swift */,
				D056FB2ADC91419A5B818866 /* OnDeviceSpeechEngineTests.swift */,
				C6782154FCD1AA4FC355A0B9 /* TextCleanerStaticTests.swift */,
			);
			path = ClaudeRelayAppTests;
			sourceTree = "<group>";
		};
		FD9BDF9589CD5417F7C454F4 /* ClaudeRelayApp */ = {
			isa = PBXGroup;
			children = (
				BA02853D523E6DAF7B5CD68D /* Assets.xcassets */,
				203B7144359F258D91797C4E /* ClaudeRelayApp.swift */,
				C869AB0FEAB465EB76190FC2 /* Info.plist */,
				3C544709576E8C546087C992 /* Models */,
				BB16FAFA733467A18CB796CD /* Speech */,
				1E6EF5C113D73BD28A423C83 /* ViewModels */,
				70BD4C5D5BA2300CBF265C8E /* Views */,
			);
			path = ClaudeRelayApp;
			sourceTree = "<group>";
		};
/* End PBXGroup section */

/* Begin PBXNativeTarget section */
		53D3A67986EB0528C6161974 /* ClaudeRelayApp */ = {
			isa = PBXNativeTarget;
			buildConfigurationList = CF4555A91AE896C6B4C29818 /* Build configuration list for PBXNativeTarget "ClaudeRelayApp" */;
			buildPhases = (
				EB1D278E6EF68776A629370C /* Sources */,
				6F5528B189B0D86791C983A9 /* Resources */,
				150BE605ED1B238B4F2F9908 /* Frameworks */,
			);
			buildRules = (
			);
			dependencies = (
			);
			name = ClaudeRelayApp;
			packageProductDependencies = (
				79A9D0B1D5DEC741B2045A7E /* ClaudeRelayClient */,
				CB2627EF23FDE67AF2E31A6A /* SwiftTerm */,
				0CBB468C2C2BFB21A5A3C335 /* WhisperKit */,
				51931B74F9245F0A1F0344F4 /* LLM */,
			);
			productName = ClaudeRelayApp;
			productReference = 7C001E978A6A6C85BABCA076 /* ClaudeRelayApp.app */;
			productType = "com.apple.product-type.application";
		};
		7CBFB18DE009C817F4052367 /* ClaudeRelayAppTests */ = {
			isa = PBXNativeTarget;
			buildConfigurationList = 6628F7E25EF3411B87D96AFB /* Build configuration list for PBXNativeTarget "ClaudeRelayAppTests" */;
			buildPhases = (
				6E2F2AEBCCD638ED44CC7E11 /* Sources */,
			);
			buildRules = (
			);
			dependencies = (
				95C96386379ED6BCFCC2CB70 /* PBXTargetDependency */,
			);
			name = ClaudeRelayAppTests;
			packageProductDependencies = (
			);
			productName = ClaudeRelayAppTests;
			productReference = 91FD1804AA1C8F43534632C6 /* ClaudeRelayAppTests.xctest */;
			productType = "com.apple.product-type.bundle.unit-test";
		};
/* End PBXNativeTarget section */

/* Begin PBXProject section */
		B3F1AC50CD8DFE78AB64F3DE /* Project object */ = {
			isa = PBXProject;
			attributes = {
				BuildIndependentTargetsInParallel = YES;
				LastUpgradeCheck = 1500;
				TargetAttributes = {
					53D3A67986EB0528C6161974 = {
						DevelopmentTeam = T9WF95GC9T;
					};
				};
			};
			buildConfigurationList = 51F903A9054604952CC1FF0D /* Build configuration list for PBXProject "ClaudeRelay" */;
			developmentRegion = en;
			hasScannedForEncodings = 0;
			knownRegions = (
				Base,
				en,
			);
			mainGroup = 738834D27068F0B0BB3D8599;
			minimizedProjectReferenceProxies = 1;
			packageReferences = (
				E63A4716F16F553D3AC86E00 /* XCRemoteSwiftPackageReference "SwiftTerm" */,
				1D1FB04D702329ACA8C21C83 /* XCRemoteSwiftPackageReference "WhisperKit" */,
				F4988706144E6DE2A73185C6 /* XCLocalSwiftPackageReference "." */,
				56F432A11391D64B0B0ED665 /* XCLocalSwiftPackageReference "../LLM.swift" */,
			);
			preferredProjectObjectVersion = 77;
			productRefGroup = 3AA098A37E7D398E1EC025E4 /* Products */;
			projectDirPath = "";
			projectRoot = "";
			targets = (
				53D3A67986EB0528C6161974 /* ClaudeRelayApp */,
				7CBFB18DE009C817F4052367 /* ClaudeRelayAppTests */,
			);
		};
/* End PBXProject section */

/* Begin PBXResourcesBuildPhase section */
		6F5528B189B0D86791C983A9 /* Resources */ = {
			isa = PBXResourcesBuildPhase;
			buildActionMask = 2147483647;
			files = (
				5FA509C701D58494DCC05471 /* Assets.xcassets in Resources */,
			);
			runOnlyForDeploymentPostprocessing = 0;
		};
/* End PBXResourcesBuildPhase section */

/* Begin PBXSourcesBuildPhase section */
		6E2F2AEBCCD638ED44CC7E11 /* Sources */ = {
			isa = PBXSourcesBuildPhase;
			buildActionMask = 2147483647;
			files = (
				D5D85EABC55C071F8597AA44 /* MockSpeechComponents.swift in Sources */,
				938D018C46C19AA652D25CBC /* OnDeviceSpeechEngineTests.swift in Sources */,
				33CB2A7296D4D8959C1C8A3C /* TextCleanerStaticTests.swift in Sources */,
			);
			runOnlyForDeploymentPostprocessing = 0;
		};
		EB1D278E6EF68776A629370C /* Sources */ = {
			isa = PBXSourcesBuildPhase;
			buildActionMask = 2147483647;
			files = (
				B86A8371A657E020A7E507C4 /* ActiveTerminalView.swift in Sources */,
				382DD387109329B4EC0DB56B /* AddEditServerView.swift in Sources */,
				6529F1CAC9948761A14893E9 /* AddEditServerViewModel.swift in Sources */,
				E773E7EDA1271778ADC748E0 /* AppSettings.swift in Sources */,
				ECB70A1E160B86A34825974D /* AudioCaptureSession.swift in Sources */,
				A55D2687ECBFEB0BD138BACA /* ClaudeRelayApp.swift in Sources */,
				C859391329AB328F111CDC24 /* CloudPromptEnhancer.swift in Sources */,
				2F089377DAA194A044572F1D /* KeyboardAccessory.swift in Sources */,
				B2269BDFBD27F8A4464C7B2B /* OnDeviceSpeechEngine.swift in Sources */,
				A104966DDC83E2BDA5612709 /* SavedConnection.swift in Sources */,
				08F925B0F2FCF5B7E66B746D /* ServerListView.swift in Sources */,
				BB36A7F84B4D5BD57244E8AF /* ServerListViewModel.swift in Sources */,
				B5376C2F37A692756173FBEE /* ServerStatusChecker.swift in Sources */,
				9BC5C1857B9B1DF31D6652D2 /* SessionCoordinator.swift in Sources */,
				0877BB8EA417A60F1F577800 /* SessionSidebarView.swift in Sources */,
				4644DE3ED2824ABC39E387F8 /* SettingsView.swift in Sources */,
				31E3C54B6BC227D5C5A03BD9 /* SpeechEngineState.swift in Sources */,
				BD146EC8C1D5AC64E63E39DD /* SpeechModelStore.swift in Sources */,
				B5928FFA4B1500FD2062C36C /* SplashScreenView.swift in Sources */,
				840B590A1111404972A10D4F /* TerminalViewModel.swift in Sources */,
				19335B16C80AB300567F9558 /* TextCleaner.swift in Sources */,
				5F5CF1FE1D420934C11556C7 /* WhisperTranscriber.swift in Sources */,
				7E9F091C0D22BC8F83E18092 /* WorkspaceView.swift in Sources */,
			);
			runOnlyForDeploymentPostprocessing = 0;
		};
/* End PBXSourcesBuildPhase section */

/* Begin PBXTargetDependency section */
		95C96386379ED6BCFCC2CB70 /* PBXTargetDependency */ = {
			isa = PBXTargetDependency;
			target = 53D3A67986EB0528C6161974 /* ClaudeRelayApp */;
			targetProxy = 6B7C09059E2F7F6FFA79C7BE /* PBXContainerItemProxy */;
		};
/* End PBXTargetDependency section */

/* Begin XCBuildConfiguration section */
		381EE81FE04029B3C83AF93B /* Release */ = {
			isa = XCBuildConfiguration;
			buildSettings = {
				ALWAYS_SEARCH_USER_PATHS = NO;
				CLANG_ANALYZER_NONNULL = YES;
				CLANG_ANALYZER_NUMBER_OBJECT_CONVERSION = YES_AGGRESSIVE;
				CLANG_CXX_LANGUAGE_STANDARD = "gnu++14";
				CLANG_CXX_LIBRARY = "libc++";
				CLANG_ENABLE_MODULES = YES;
				CLANG_ENABLE_OBJC_ARC = YES;
				CLANG_ENABLE_OBJC_WEAK = YES;
				CLANG_WARN_BLOCK_CAPTURE_AUTORELEASING = YES;
				CLANG_WARN_BOOL_CONVERSION = YES;
				CLANG_WARN_COMMA = YES;
				CLANG_WARN_CONSTANT_CONVERSION = YES;
				CLANG_WARN_DEPRECATED_OBJC_IMPLEMENTATIONS = YES;
				CLANG_WARN_DIRECT_OBJC_ISA_USAGE = YES_ERROR;
				CLANG_WARN_DOCUMENTATION_COMMENTS = YES;
				CLANG_WARN_EMPTY_BODY = YES;
				CLANG_WARN_ENUM_CONVERSION = YES;
				CLANG_WARN_INFINITE_RECURSION = YES;
				CLANG_WARN_INT_CONVERSION = YES;
				CLANG_WARN_NON_LITERAL_NULL_CONVERSION = YES;
				CLANG_WARN_OBJC_IMPLICIT_RETAIN_SELF = YES;
				CLANG_WARN_OBJC_LITERAL_CONVERSION = YES;
				CLANG_WARN_OBJC_ROOT_CLASS = YES_ERROR;
				CLANG_WARN_QUOTED_INCLUDE_IN_FRAMEWORK_HEADER = YES;
				CLANG_WARN_RANGE_LOOP_ANALYSIS = YES;
				CLANG_WARN_STRICT_PROTOTYPES = YES;
				CLANG_WARN_SUSPICIOUS_MOVE = YES;
				CLANG_WARN_UNGUARDED_AVAILABILITY = YES_AGGRESSIVE;
				CLANG_WARN_UNREACHABLE_CODE = YES;
				CLANG_WARN__DUPLICATE_METHOD_MATCH = YES;
				COPY_PHASE_STRIP = NO;
				DEBUG_INFORMATION_FORMAT = "dwarf-with-dsym";
				ENABLE_NS_ASSERTIONS = NO;
				ENABLE_STRICT_OBJC_MSGSEND = YES;
				GCC_C_LANGUAGE_STANDARD = gnu11;
				GCC_NO_COMMON_BLOCKS = YES;
				GCC_WARN_64_TO_32_BIT_CONVERSION = YES;
				GCC_WARN_ABOUT_RETURN_TYPE = YES_ERROR;
				GCC_WARN_UNDECLARED_SELECTOR = YES;
				GCC_WARN_UNINITIALIZED_AUTOS = YES_AGGRESSIVE;
				GCC_WARN_UNUSED_FUNCTION = YES;
				GCC_WARN_UNUSED_VARIABLE = YES;
				IPHONEOS_DEPLOYMENT_TARGET = 17.0;
				MTL_ENABLE_DEBUG_INFO = NO;
				MTL_FAST_MATH = YES;
				PRODUCT_NAME = "$(TARGET_NAME)";
				SDKROOT = iphoneos;
				SWIFT_COMPILATION_MODE = wholemodule;
				SWIFT_OPTIMIZATION_LEVEL = "-O";
				SWIFT_VERSION = 5.0;
			};
			name = Release;
		};
		787A599A77B0E871EA767164 /* Debug */ = {
			isa = XCBuildConfiguration;
			buildSettings = {
				ALWAYS_SEARCH_USER_PATHS = NO;
				CLANG_ANALYZER_NONNULL = YES;
				CLANG_ANALYZER_NUMBER_OBJECT_CONVERSION = YES_AGGRESSIVE;
				CLANG_CXX_LANGUAGE_STANDARD = "gnu++14";
				CLANG_CXX_LIBRARY = "libc++";
				CLANG_ENABLE_MODULES = YES;
				CLANG_ENABLE_OBJC_ARC = YES;
				CLANG_ENABLE_OBJC_WEAK = YES;
				CLANG_WARN_BLOCK_CAPTURE_AUTORELEASING = YES;
				CLANG_WARN_BOOL_CONVERSION = YES;
				CLANG_WARN_COMMA = YES;
				CLANG_WARN_CONSTANT_CONVERSION = YES;
				CLANG_WARN_DEPRECATED_OBJC_IMPLEMENTATIONS = YES;
				CLANG_WARN_DIRECT_OBJC_ISA_USAGE = YES_ERROR;
				CLANG_WARN_DOCUMENTATION_COMMENTS = YES;
				CLANG_WARN_EMPTY_BODY = YES;
				CLANG_WARN_ENUM_CONVERSION = YES;
				CLANG_WARN_INFINITE_RECURSION = YES;
				CLANG_WARN_INT_CONVERSION = YES;
				CLANG_WARN_NON_LITERAL_NULL_CONVERSION = YES;
				CLANG_WARN_OBJC_IMPLICIT_RETAIN_SELF = YES;
				CLANG_WARN_OBJC_LITERAL_CONVERSION = YES;
				CLANG_WARN_OBJC_ROOT_CLASS = YES_ERROR;
				CLANG_WARN_QUOTED_INCLUDE_IN_FRAMEWORK_HEADER = YES;
				CLANG_WARN_RANGE_LOOP_ANALYSIS = YES;
				CLANG_WARN_STRICT_PROTOTYPES = YES;
				CLANG_WARN_SUSPICIOUS_MOVE = YES;
				CLANG_WARN_UNGUARDED_AVAILABILITY = YES_AGGRESSIVE;
				CLANG_WARN_UNREACHABLE_CODE = YES;
				CLANG_WARN__DUPLICATE_METHOD_MATCH = YES;
				COPY_PHASE_STRIP = NO;
				DEBUG_INFORMATION_FORMAT = dwarf;
				ENABLE_STRICT_OBJC_MSGSEND = YES;
				ENABLE_TESTABILITY = YES;
				GCC_C_LANGUAGE_STANDARD = gnu11;
				GCC_DYNAMIC_NO_PIC = NO;
				GCC_NO_COMMON_BLOCKS = YES;
				GCC_OPTIMIZATION_LEVEL = 0;
				GCC_PREPROCESSOR_DEFINITIONS = (
					"$(inherited)",
					"DEBUG=1",
				);
				GCC_WARN_64_TO_32_BIT_CONVERSION = YES;
				GCC_WARN_ABOUT_RETURN_TYPE = YES_ERROR;
				GCC_WARN_UNDECLARED_SELECTOR = YES;
				GCC_WARN_UNINITIALIZED_AUTOS = YES_AGGRESSIVE;
				GCC_WARN_UNUSED_FUNCTION = YES;
				GCC_WARN_UNUSED_VARIABLE = YES;
				IPHONEOS_DEPLOYMENT_TARGET = 17.0;
				MTL_ENABLE_DEBUG_INFO = INCLUDE_SOURCE;
				MTL_FAST_MATH = YES;
				ONLY_ACTIVE_ARCH = YES;
				PRODUCT_NAME = "$(TARGET_NAME)";
				SDKROOT = iphoneos;
				SWIFT_ACTIVE_COMPILATION_CONDITIONS = DEBUG;
				SWIFT_OPTIMIZATION_LEVEL = "-Onone";
				SWIFT_VERSION = 5.0;
			};
			name = Debug;
		};
		9AE24920D2DF75D3EDC2B852 /* Debug */ = {
			isa = XCBuildConfiguration;
			buildSettings = {
				BUNDLE_LOADER = "$(TEST_HOST)";
				LD_RUNPATH_SEARCH_PATHS = (
					"$(inherited)",
					"@executable_path/Frameworks",
					"@loader_path/Frameworks",
				);
				PRODUCT_BUNDLE_IDENTIFIER = com.claude.ClaudeRelayAppTests;
				SDKROOT = iphoneos;
				TARGETED_DEVICE_FAMILY = "1,2";
				TEST_HOST = "$(BUILT_PRODUCTS_DIR)/ClaudeRelayApp.app/$(BUNDLE_EXECUTABLE_FOLDER_PATH)/ClaudeRelayApp";
			};
			name = Debug;
		};
		9C9B26B58B343721F3B13019 /* Debug */ = {
			isa = XCBuildConfiguration;
			buildSettings = {
				ASSETCATALOG_COMPILER_APPICON_NAME = AppIcon;
				CODE_SIGN_IDENTITY = "iPhone Developer";
				CURRENT_PROJECT_VERSION = 46;
				DEVELOPMENT_TEAM = T9WF95GC9T;
				GENERATE_INFOPLIST_FILE = YES;
				INFOPLIST_FILE = ClaudeRelayApp/Info.plist;
				INFOPLIST_KEY_CFBundleDisplayName = "Claude Relay";
				INFOPLIST_KEY_NSMicrophoneUsageDescription = "Claude Relay needs microphone access for voice-to-text input.";
				INFOPLIST_KEY_NSSpeechRecognitionUsageDescription = "Claude Relay uses speech recognition to convert voice input to terminal commands.";
				INFOPLIST_KEY_UIApplicationSceneManifest_Generation = YES;
				INFOPLIST_KEY_UIApplicationSupportsIndirectInputEvents = YES;
				INFOPLIST_KEY_UILaunchScreen_Generation = YES;
				INFOPLIST_KEY_UISupportedInterfaceOrientations_iPad = "UIInterfaceOrientationPortrait UIInterfaceOrientationPortraitUpsideDown UIInterfaceOrientationLandscapeLeft UIInterfaceOrientationLandscapeRight";
				INFOPLIST_KEY_UISupportedInterfaceOrientations_iPhone = "UIInterfaceOrientationPortrait UIInterfaceOrientationLandscapeLeft UIInterfaceOrientationLandscapeRight";
				LD_RUNPATH_SEARCH_PATHS = (
					"$(inherited)",
					"@executable_path/Frameworks",
				);
				MARKETING_VERSION = 1.3.0;
				PRODUCT_BUNDLE_IDENTIFIER = com.claude.relay;
				SDKROOT = iphoneos;
				SUPPORTED_PLATFORMS = "iphonesimulator iphoneos";
				SUPPORTS_MACCATALYST = NO;
				SWIFT_VERSION = 5.9;
				TARGETED_DEVICE_FAMILY = "1,2";
			};
			name = Debug;
		};
		CFF248D04C9F19E4A6685728 /* Release */ = {
			isa = XCBuildConfiguration;
			buildSettings = {
				ASSETCATALOG_COMPILER_APPICON_NAME = AppIcon;
				CODE_SIGN_IDENTITY = "iPhone Developer";
				CURRENT_PROJECT_VERSION = 46;
				DEVELOPMENT_TEAM = T9WF95GC9T;
				GENERATE_INFOPLIST_FILE = YES;
				INFOPLIST_FILE = ClaudeRelayApp/Info.plist;
				INFOPLIST_KEY_CFBundleDisplayName = "Claude Relay";
				INFOPLIST_KEY_NSMicrophoneUsageDescription = "Claude Relay needs microphone access for voice-to-text input.";
				INFOPLIST_KEY_NSSpeechRecognitionUsageDescription = "Claude Relay uses speech recognition to convert voice input to terminal commands.";
				INFOPLIST_KEY_UIApplicationSceneManifest_Generation = YES;
				INFOPLIST_KEY_UIApplicationSupportsIndirectInputEvents = YES;
				INFOPLIST_KEY_UILaunchScreen_Generation = YES;
				INFOPLIST_KEY_UISupportedInterfaceOrientations_iPad = "UIInterfaceOrientationPortrait UIInterfaceOrientationPortraitUpsideDown UIInterfaceOrientationLandscapeLeft UIInterfaceOrientationLandscapeRight";
				INFOPLIST_KEY_UISupportedInterfaceOrientations_iPhone = "UIInterfaceOrientationPortrait UIInterfaceOrientationLandscapeLeft UIInterfaceOrientationLandscapeRight";
				LD_RUNPATH_SEARCH_PATHS = (
					"$(inherited)",
					"@executable_path/Frameworks",
				);
				MARKETING_VERSION = 1.3.0;
				PRODUCT_BUNDLE_IDENTIFIER = com.claude.relay;
				SDKROOT = iphoneos;
				SUPPORTED_PLATFORMS = "iphonesimulator iphoneos";
				SUPPORTS_MACCATALYST = NO;
				SWIFT_VERSION = 5.9;
				TARGETED_DEVICE_FAMILY = "1,2";
			};
			name = Release;
		};
		DF5EE07761AEF15C5D07D61A /* Release */ = {
			isa = XCBuildConfiguration;
			buildSettings = {
				BUNDLE_LOADER = "$(TEST_HOST)";
				LD_RUNPATH_SEARCH_PATHS = (
					"$(inherited)",
					"@executable_path/Frameworks",
					"@loader_path/Frameworks",
				);
				PRODUCT_BUNDLE_IDENTIFIER = com.claude.ClaudeRelayAppTests;
				SDKROOT = iphoneos;
				TARGETED_DEVICE_FAMILY = "1,2";
				TEST_HOST = "$(BUILT_PRODUCTS_DIR)/ClaudeRelayApp.app/$(BUNDLE_EXECUTABLE_FOLDER_PATH)/ClaudeRelayApp";
			};
			name = Release;
		};
/* End XCBuildConfiguration section */

/* Begin XCConfigurationList section */
		51F903A9054604952CC1FF0D /* Build configuration list for PBXProject "ClaudeRelay" */ = {
			isa = XCConfigurationList;
			buildConfigurations = (
				787A599A77B0E871EA767164 /* Debug */,
				381EE81FE04029B3C83AF93B /* Release */,
			);
			defaultConfigurationIsVisible = 0;
			defaultConfigurationName = Debug;
		};
		6628F7E25EF3411B87D96AFB /* Build configuration list for PBXNativeTarget "ClaudeRelayAppTests" */ = {
			isa = XCConfigurationList;
			buildConfigurations = (
				9AE24920D2DF75D3EDC2B852 /* Debug */,
				DF5EE07761AEF15C5D07D61A /* Release */,
			);
			defaultConfigurationIsVisible = 0;
			defaultConfigurationName = Debug;
		};
		CF4555A91AE896C6B4C29818 /* Build configuration list for PBXNativeTarget "ClaudeRelayApp" */ = {
			isa = XCConfigurationList;
			buildConfigurations = (
				9C9B26B58B343721F3B13019 /* Debug */,
				CFF248D04C9F19E4A6685728 /* Release */,
			);
			defaultConfigurationIsVisible = 0;
			defaultConfigurationName = Debug;
		};
/* End XCConfigurationList section */

/* Begin XCLocalSwiftPackageReference section */
		56F432A11391D64B0B0ED665 /* XCLocalSwiftPackageReference "../LLM.swift" */ = {
			isa = XCLocalSwiftPackageReference;
			relativePath = ../LLM.swift;
		};
		F4988706144E6DE2A73185C6 /* XCLocalSwiftPackageReference "." */ = {
			isa = XCLocalSwiftPackageReference;
			relativePath = .;
		};
/* End XCLocalSwiftPackageReference section */

/* Begin XCRemoteSwiftPackageReference section */
		1D1FB04D702329ACA8C21C83 /* XCRemoteSwiftPackageReference "WhisperKit" */ = {
			isa = XCRemoteSwiftPackageReference;
			repositoryURL = "https://github.com/argmaxinc/WhisperKit.git";
			requirement = {
				kind = upToNextMinorVersion;
				minimumVersion = 0.18.0;
			};
		};
		E63A4716F16F553D3AC86E00 /* XCRemoteSwiftPackageReference "SwiftTerm" */ = {
			isa = XCRemoteSwiftPackageReference;
			repositoryURL = "https://github.com/migueldeicaza/SwiftTerm.git";
			requirement = {
				kind = upToNextMajorVersion;
				minimumVersion = 1.2.0;
			};
		};
/* End XCRemoteSwiftPackageReference section */

/* Begin XCSwiftPackageProductDependency section */
		0CBB468C2C2BFB21A5A3C335 /* WhisperKit */ = {
			isa = XCSwiftPackageProductDependency;
			package = 1D1FB04D702329ACA8C21C83 /* XCRemoteSwiftPackageReference "WhisperKit" */;
			productName = WhisperKit;
		};
		51931B74F9245F0A1F0344F4 /* LLM */ = {
			isa = XCSwiftPackageProductDependency;
			productName = LLM;
		};
		79A9D0B1D5DEC741B2045A7E /* ClaudeRelayClient */ = {
			isa = XCSwiftPackageProductDependency;
			productName = ClaudeRelayClient;
		};
		CB2627EF23FDE67AF2E31A6A /* SwiftTerm */ = {
			isa = XCSwiftPackageProductDependency;
			package = E63A4716F16F553D3AC86E00 /* XCRemoteSwiftPackageReference "SwiftTerm" */;
			productName = SwiftTerm;
		};
/* End XCSwiftPackageProductDependency section */
	};
	rootObject = B3F1AC50CD8DFE78AB64F3DE /* Project object */;
}
