// !$*UTF8*$!
{
	archiveVersion = 1;
	classes = {
	};
	objectVersion = 77;
	objects = {

/* Begin PBXBuildFile section */
		19B29955DEB2A339E5CF6859 /* StatusIndicator.swift in Sources */ = {isa = PBXBuildFile; fileRef = C9F2F46D97C792F8C65CAF95 /* StatusIndicator.swift */; };
		3BE5A6D1D7E8F4D31E881012 /* TerminalContainerView.swift in Sources */ = {isa = PBXBuildFile; fileRef = 45D7AEAF10A6740BC7581F78 /* TerminalContainerView.swift */; };
		5946B1BACB8146CA30A3F095 /* ConnectionViewModel.swift in Sources */ = {isa = PBXBuildFile; fileRef = 5440AA7E9366B383C57FFC21 /* ConnectionViewModel.swift */; };
		5F14E4DC7802972C133952E0 /* CodeRelayAppApp.swift in Sources */ = {isa = PBXBuildFile; fileRef = 4410E79BB2DE2D6317BB42E4 /* CodeRelayAppApp.swift */; };
		731C1F13D1941046B4DECB3A /* SavedConnection.swift in Sources */ = {isa = PBXBuildFile; fileRef = 2152ECF03711B6F1D6C0FBC4 /* SavedConnection.swift */; };
		73BBAC2602052CC3F8C2AB18 /* SessionListView.swift in Sources */ = {isa = PBXBuildFile; fileRef = 0D054949FEFBDA99929D89D9 /* SessionListView.swift */; };
		7601DAD7DA8F77DEDEFB8CF8 /* ConnectionView.swift in Sources */ = {isa = PBXBuildFile; fileRef = 0397C36DC22FA487B7702433 /* ConnectionView.swift */; };
		857E060DEE8A132A9E484C8D /* SessionListViewModel.swift in Sources */ = {isa = PBXBuildFile; fileRef = 4781871F07EE1FB9F6481C49 /* SessionListViewModel.swift */; };
		9C4B086C9D23A3698DC54F74 /* CodeRelayClient in Frameworks */ = {isa = PBXBuildFile; productRef = C3467B6302AE9DCDAE591DA8 /* CodeRelayClient */; };
		C4FA5D4D866B1BA3C9443F7B /* TerminalViewModel.swift in Sources */ = {isa = PBXBuildFile; fileRef = B9608BCD7444FB3B05618A48 /* TerminalViewModel.swift */; };
		EA4D1DC61C6847E228A50E79 /* KeyboardAccessory.swift in Sources */ = {isa = PBXBuildFile; fileRef = 7BD56E10AC670C09AB2AA26E /* KeyboardAccessory.swift */; };
		F93E62F26FF83907D24D56F0 /* SwiftTerm in Frameworks */ = {isa = PBXBuildFile; productRef = 9A5832E3CE53690D389517DC /* SwiftTerm */; };
/* End PBXBuildFile section */

/* Begin PBXFileReference section */
		0397C36DC22FA487B7702433 /* ConnectionView.swift */ = {isa = PBXFileReference; lastKnownFileType = sourcecode.swift; path = ConnectionView.swift; sourceTree = "<group>"; };
		0D054949FEFBDA99929D89D9 /* SessionListView.swift */ = {isa = PBXFileReference; lastKnownFileType = sourcecode.swift; path = SessionListView.swift; sourceTree = "<group>"; };
		11761CAF52688932B68B407B /* CodeRelayApp.app */ = {isa = PBXFileReference; includeInIndex = 0; lastKnownFileType = wrapper.application; path = CodeRelayApp.app; sourceTree = BUILT_PRODUCTS_DIR; };
		2152ECF03711B6F1D6C0FBC4 /* SavedConnection.swift */ = {isa = PBXFileReference; lastKnownFileType = sourcecode.swift; path = SavedConnection.swift; sourceTree = "<group>"; };
		4410E79BB2DE2D6317BB42E4 /* CodeRelayAppApp.swift */ = {isa = PBXFileReference; lastKnownFileType = sourcecode.swift; path = CodeRelayAppApp.swift; sourceTree = "<group>"; };
		45D7AEAF10A6740BC7581F78 /* TerminalContainerView.swift */ = {isa = PBXFileReference; lastKnownFileType = sourcecode.swift; path = TerminalContainerView.swift; sourceTree = "<group>"; };
		4781871F07EE1FB9F6481C49 /* SessionListViewModel.swift */ = {isa = PBXFileReference; lastKnownFileType = sourcecode.swift; path = SessionListViewModel.swift; sourceTree = "<group>"; };
		5440AA7E9366B383C57FFC21 /* ConnectionViewModel.swift */ = {isa = PBXFileReference; lastKnownFileType = sourcecode.swift; path = ConnectionViewModel.swift; sourceTree = "<group>"; };
		7BD56E10AC670C09AB2AA26E /* KeyboardAccessory.swift */ = {isa = PBXFileReference; lastKnownFileType = sourcecode.swift; path = KeyboardAccessory.swift; sourceTree = "<group>"; };
		B9608BCD7444FB3B05618A48 /* TerminalViewModel.swift */ = {isa = PBXFileReference; lastKnownFileType = sourcecode.swift; path = TerminalViewModel.swift; sourceTree = "<group>"; };
		C9F2F46D97C792F8C65CAF95 /* StatusIndicator.swift */ = {isa = PBXFileReference; lastKnownFileType = sourcecode.swift; path = StatusIndicator.swift; sourceTree = "<group>"; };
		E0B27B60B39821682E88FF23 /* CodeRemote */ = {isa = PBXFileReference; lastKnownFileType = folder; name = CodeRemote; path = .; sourceTree = SOURCE_ROOT; };
/* End PBXFileReference section */

/* Begin PBXFrameworksBuildPhase section */
		F450F3CEF0F99682CD313AE0 /* Frameworks */ = {
			isa = PBXFrameworksBuildPhase;
			buildActionMask = 2147483647;
			files = (
				9C4B086C9D23A3698DC54F74 /* CodeRelayClient in Frameworks */,
				F93E62F26FF83907D24D56F0 /* SwiftTerm in Frameworks */,
			);
			runOnlyForDeploymentPostprocessing = 0;
		};
/* End PBXFrameworksBuildPhase section */

/* Begin PBXGroup section */
		21689D86167CADE64604D537 /* Models */ = {
			isa = PBXGroup;
			children = (
				2152ECF03711B6F1D6C0FBC4 /* SavedConnection.swift */,
			);
			path = Models;
			sourceTree = "<group>";
		};
		44DB527B3117AB0A31E0A228 = {
			isa = PBXGroup;
			children = (
				49BE289CD777CAD8AFF29318 /* CodeRelayApp */,
				5F529A4A9FEC266E3F1DA3D0 /* Packages */,
				D75882604A36E1E5CB619542 /* Products */,
			);
			sourceTree = "<group>";
		};
		49BE289CD777CAD8AFF29318 /* CodeRelayApp */ = {
			isa = PBXGroup;
			children = (
				4410E79BB2DE2D6317BB42E4 /* CodeRelayAppApp.swift */,
				21689D86167CADE64604D537 /* Models */,
				6DE7561EBDCCB1D5AAF54447 /* ViewModels */,
				8692D43DD67BA446C4366F43 /* Views */,
			);
			path = CodeRelayApp;
			sourceTree = "<group>";
		};
		5F529A4A9FEC266E3F1DA3D0 /* Packages */ = {
			isa = PBXGroup;
			children = (
				E0B27B60B39821682E88FF23 /* CodeRemote */,
			);
			name = Packages;
			sourceTree = "<group>";
		};
		6DE7561EBDCCB1D5AAF54447 /* ViewModels */ = {
			isa = PBXGroup;
			children = (
				5440AA7E9366B383C57FFC21 /* ConnectionViewModel.swift */,
				4781871F07EE1FB9F6481C49 /* SessionListViewModel.swift */,
				B9608BCD7444FB3B05618A48 /* TerminalViewModel.swift */,
			);
			path = ViewModels;
			sourceTree = "<group>";
		};
		8692D43DD67BA446C4366F43 /* Views */ = {
			isa = PBXGroup;
			children = (
				0397C36DC22FA487B7702433 /* ConnectionView.swift */,
				0D054949FEFBDA99929D89D9 /* SessionListView.swift */,
				45D7AEAF10A6740BC7581F78 /* TerminalContainerView.swift */,
				CA2E5A704ECBF84AF92F54D0 /* Components */,
			);
			path = Views;
			sourceTree = "<group>";
		};
		CA2E5A704ECBF84AF92F54D0 /* Components */ = {
			isa = PBXGroup;
			children = (
				7BD56E10AC670C09AB2AA26E /* KeyboardAccessory.swift */,
				C9F2F46D97C792F8C65CAF95 /* StatusIndicator.swift */,
			);
			path = Components;
			sourceTree = "<group>";
		};
		D75882604A36E1E5CB619542 /* Products */ = {
			isa = PBXGroup;
			children = (
				11761CAF52688932B68B407B /* CodeRelayApp.app */,
			);
			name = Products;
			sourceTree = "<group>";
		};
/* End PBXGroup section */

/* Begin PBXNativeTarget section */
		ADA71A09DE115B5DB053D27C /* CodeRelayApp */ = {
			isa = PBXNativeTarget;
			buildConfigurationList = 8596EB7BDFDE64FE258C3257 /* Build configuration list for PBXNativeTarget "CodeRelayApp" */;
			buildPhases = (
				59BCFE865608E23AF729888C /* Sources */,
				F450F3CEF0F99682CD313AE0 /* Frameworks */,
			);
			buildRules = (
			);
			dependencies = (
			);
			name = CodeRelayApp;
			packageProductDependencies = (
				C3467B6302AE9DCDAE591DA8 /* CodeRelayClient */,
				9A5832E3CE53690D389517DC /* SwiftTerm */,
			);
			productName = CodeRelayApp;
			productReference = 11761CAF52688932B68B407B /* CodeRelayApp.app */;
			productType = "com.apple.product-type.application";
		};
/* End PBXNativeTarget section */

/* Begin PBXProject section */
		EB7AD719A4A67114531F711C /* Project object */ = {
			isa = PBXProject;
			attributes = {
				BuildIndependentTargetsInParallel = YES;
				LastUpgradeCheck = 1500;
				TargetAttributes = {
					ADA71A09DE115B5DB053D27C = {
						DevelopmentTeam = "";
					};
				};
			};
			buildConfigurationList = 5FF462EF36C0695233163317 /* Build configuration list for PBXProject "CodeRelayApp" */;
			developmentRegion = en;
			hasScannedForEncodings = 0;
			knownRegions = (
				Base,
				en,
			);
			mainGroup = 44DB527B3117AB0A31E0A228;
			minimizedProjectReferenceProxies = 1;
			packageReferences = (
				0D40A41223C478FAB9993E63 /* XCRemoteSwiftPackageReference "SwiftTerm" */,
				46B6C519CBF42AA0E307D57C /* XCLocalSwiftPackageReference "." */,
			);
			preferredProjectObjectVersion = 77;
			productRefGroup = D75882604A36E1E5CB619542 /* Products */;
			projectDirPath = "";
			projectRoot = "";
			targets = (
				ADA71A09DE115B5DB053D27C /* CodeRelayApp */,
			);
		};
/* End PBXProject section */

/* Begin PBXSourcesBuildPhase section */
		59BCFE865608E23AF729888C /* Sources */ = {
			isa = PBXSourcesBuildPhase;
			buildActionMask = 2147483647;
			files = (
				5F14E4DC7802972C133952E0 /* CodeRelayAppApp.swift in Sources */,
				7601DAD7DA8F77DEDEFB8CF8 /* ConnectionView.swift in Sources */,
				5946B1BACB8146CA30A3F095 /* ConnectionViewModel.swift in Sources */,
				EA4D1DC61C6847E228A50E79 /* KeyboardAccessory.swift in Sources */,
				731C1F13D1941046B4DECB3A /* SavedConnection.swift in Sources */,
				73BBAC2602052CC3F8C2AB18 /* SessionListView.swift in Sources */,
				857E060DEE8A132A9E484C8D /* SessionListViewModel.swift in Sources */,
				19B29955DEB2A339E5CF6859 /* StatusIndicator.swift in Sources */,
				3BE5A6D1D7E8F4D31E881012 /* TerminalContainerView.swift in Sources */,
				C4FA5D4D866B1BA3C9443F7B /* TerminalViewModel.swift in Sources */,
			);
			runOnlyForDeploymentPostprocessing = 0;
		};
/* End PBXSourcesBuildPhase section */

/* Begin XCBuildConfiguration section */
		2C27800A3B35A2CC33D94A53 /* Release */ = {
			isa = XCBuildConfiguration;
			buildSettings = {
				ASSETCATALOG_COMPILER_APPICON_NAME = AppIcon;
				CODE_SIGN_IDENTITY = "iPhone Developer";
				DEVELOPMENT_TEAM = "";
				GENERATE_INFOPLIST_FILE = YES;
				INFOPLIST_KEY_UIApplicationSceneManifest_Generation = YES;
				INFOPLIST_KEY_UIApplicationSupportsIndirectInputEvents = YES;
				INFOPLIST_KEY_UILaunchScreen_Generation = YES;
				INFOPLIST_KEY_UISupportedInterfaceOrientations_iPad = "UIInterfaceOrientationPortrait UIInterfaceOrientationPortraitUpsideDown UIInterfaceOrientationLandscapeLeft UIInterfaceOrientationLandscapeRight";
				INFOPLIST_KEY_UISupportedInterfaceOrientations_iPhone = "UIInterfaceOrientationPortrait UIInterfaceOrientationLandscapeLeft UIInterfaceOrientationLandscapeRight";
				LD_RUNPATH_SEARCH_PATHS = (
					"$(inherited)",
					"@executable_path/Frameworks",
				);
				PRODUCT_BUNDLE_IDENTIFIER = com.coderemote.relay;
				SDKROOT = iphoneos;
				SUPPORTED_PLATFORMS = "iphonesimulator iphoneos";
				SUPPORTS_MACCATALYST = NO;
				SWIFT_VERSION = 5.9;
				TARGETED_DEVICE_FAMILY = "1,2";
			};
			name = Release;
		};
		80428E0871C67A5E125F80EF /* Debug */ = {
			isa = XCBuildConfiguration;
			buildSettings = {
				ALWAYS_SEARCH_USER_PATHS = NO;
				CLANG_ANALYZER_NONNULL = YES;
				CLANG_ANALYZER_NUMBER_OBJECT_CONVERSION = YES_AGGRESSIVE;
				CLANG_CXX_LANGUAGE_STANDARD = "gnu++14";
				CLANG_CXX_LIBRARY = "libc++";
				CLANG_ENABLE_MODULES = YES;
				CLANG_ENABLE_OBJC_ARC = YES;
				CLANG_ENABLE_OBJC_WEAK = YES;
				CLANG_WARN_BLOCK_CAPTURE_AUTORELEASING = YES;
				CLANG_WARN_BOOL_CONVERSION = YES;
				CLANG_WARN_COMMA = YES;
				CLANG_WARN_CONSTANT_CONVERSION = YES;
				CLANG_WARN_DEPRECATED_OBJC_IMPLEMENTATIONS = YES;
				CLANG_WARN_DIRECT_OBJC_ISA_USAGE = YES_ERROR;
				CLANG_WARN_DOCUMENTATION_COMMENTS = YES;
				CLANG_WARN_EMPTY_BODY = YES;
				CLANG_WARN_ENUM_CONVERSION = YES;
				CLANG_WARN_INFINITE_RECURSION = YES;
				CLANG_WARN_INT_CONVERSION = YES;
				CLANG_WARN_NON_LITERAL_NULL_CONVERSION = YES;
				CLANG_WARN_OBJC_IMPLICIT_RETAIN_SELF = YES;
				CLANG_WARN_OBJC_LITERAL_CONVERSION = YES;
				CLANG_WARN_OBJC_ROOT_CLASS = YES_ERROR;
				CLANG_WARN_QUOTED_INCLUDE_IN_FRAMEWORK_HEADER = YES;
				CLANG_WARN_RANGE_LOOP_ANALYSIS = YES;
				CLANG_WARN_STRICT_PROTOTYPES = YES;
				CLANG_WARN_SUSPICIOUS_MOVE = YES;
				CLANG_WARN_UNGUARDED_AVAILABILITY = YES_AGGRESSIVE;
				CLANG_WARN_UNREACHABLE_CODE = YES;
				CLANG_WARN__DUPLICATE_METHOD_MATCH = YES;
				COPY_PHASE_STRIP = NO;
				DEBUG_INFORMATION_FORMAT = dwarf;
				ENABLE_STRICT_OBJC_MSGSEND = YES;
				ENABLE_TESTABILITY = YES;
				GCC_C_LANGUAGE_STANDARD = gnu11;
				GCC_DYNAMIC_NO_PIC = NO;
				GCC_NO_COMMON_BLOCKS = YES;
				GCC_OPTIMIZATION_LEVEL = 0;
				GCC_PREPROCESSOR_DEFINITIONS = (
					"$(inherited)",
					"DEBUG=1",
				);
				GCC_WARN_64_TO_32_BIT_CONVERSION = YES;
				GCC_WARN_ABOUT_RETURN_TYPE = YES_ERROR;
				GCC_WARN_UNDECLARED_SELECTOR = YES;
				GCC_WARN_UNINITIALIZED_AUTOS = YES_AGGRESSIVE;
				GCC_WARN_UNUSED_FUNCTION = YES;
				GCC_WARN_UNUSED_VARIABLE = YES;
				IPHONEOS_DEPLOYMENT_TARGET = 17.0;
				MTL_ENABLE_DEBUG_INFO = INCLUDE_SOURCE;
				MTL_FAST_MATH = YES;
				ONLY_ACTIVE_ARCH = YES;
				PRODUCT_NAME = "$(TARGET_NAME)";
				SDKROOT = iphoneos;
				SWIFT_ACTIVE_COMPILATION_CONDITIONS = DEBUG;
				SWIFT_OPTIMIZATION_LEVEL = "-Onone";
				SWIFT_VERSION = 5.0;
			};
			name = Debug;
		};
		F04CB4F9987164140E0BC5B2 /* Release */ = {
			isa = XCBuildConfiguration;
			buildSettings = {
				ALWAYS_SEARCH_USER_PATHS = NO;
				CLANG_ANALYZER_NONNULL = YES;
				CLANG_ANALYZER_NUMBER_OBJECT_CONVERSION = YES_AGGRESSIVE;
				CLANG_CXX_LANGUAGE_STANDARD = "gnu++14";
				CLANG_CXX_LIBRARY = "libc++";
				CLANG_ENABLE_MODULES = YES;
				CLANG_ENABLE_OBJC_ARC = YES;
				CLANG_ENABLE_OBJC_WEAK = YES;
				CLANG_WARN_BLOCK_CAPTURE_AUTORELEASING = YES;
				CLANG_WARN_BOOL_CONVERSION = YES;
				CLANG_WARN_COMMA = YES;
				CLANG_WARN_CONSTANT_CONVERSION = YES;
				CLANG_WARN_DEPRECATED_OBJC_IMPLEMENTATIONS = YES;
				CLANG_WARN_DIRECT_OBJC_ISA_USAGE = YES_ERROR;
				CLANG_WARN_DOCUMENTATION_COMMENTS = YES;
				CLANG_WARN_EMPTY_BODY = YES;
				CLANG_WARN_ENUM_CONVERSION = YES;
				CLANG_WARN_INFINITE_RECURSION = YES;
				CLANG_WARN_INT_CONVERSION = YES;
				CLANG_WARN_NON_LITERAL_NULL_CONVERSION = YES;
				CLANG_WARN_OBJC_IMPLICIT_RETAIN_SELF = YES;
				CLANG_WARN_OBJC_LITERAL_CONVERSION = YES;
				CLANG_WARN_OBJC_ROOT_CLASS = YES_ERROR;
				CLANG_WARN_QUOTED_INCLUDE_IN_FRAMEWORK_HEADER = YES;
				CLANG_WARN_RANGE_LOOP_ANALYSIS = YES;
				CLANG_WARN_STRICT_PROTOTYPES = YES;
				CLANG_WARN_SUSPICIOUS_MOVE = YES;
				CLANG_WARN_UNGUARDED_AVAILABILITY = YES_AGGRESSIVE;
				CLANG_WARN_UNREACHABLE_CODE = YES;
				CLANG_WARN__DUPLICATE_METHOD_MATCH = YES;
				COPY_PHASE_STRIP = NO;
				DEBUG_INFORMATION_FORMAT = "dwarf-with-dsym";
				ENABLE_NS_ASSERTIONS = NO;
				ENABLE_STRICT_OBJC_MSGSEND = YES;
				GCC_C_LANGUAGE_STANDARD = gnu11;
				GCC_NO_COMMON_BLOCKS = YES;
				GCC_WARN_64_TO_32_BIT_CONVERSION = YES;
				GCC_WARN_ABOUT_RETURN_TYPE = YES_ERROR;
				GCC_WARN_UNDECLARED_SELECTOR = YES;
				GCC_WARN_UNINITIALIZED_AUTOS = YES_AGGRESSIVE;
				GCC_WARN_UNUSED_FUNCTION = YES;
				GCC_WARN_UNUSED_VARIABLE = YES;
				IPHONEOS_DEPLOYMENT_TARGET = 17.0;
				MTL_ENABLE_DEBUG_INFO = NO;
				MTL_FAST_MATH = YES;
				PRODUCT_NAME = "$(TARGET_NAME)";
				SDKROOT = iphoneos;
				SWIFT_COMPILATION_MODE = wholemodule;
				SWIFT_OPTIMIZATION_LEVEL = "-O";
				SWIFT_VERSION = 5.0;
			};
			name = Release;
		};
		FFB3A3E459DAFB12A905558E /* Debug */ = {
			isa = XCBuildConfiguration;
			buildSettings = {
				ASSETCATALOG_COMPILER_APPICON_NAME = AppIcon;
				CODE_SIGN_IDENTITY = "iPhone Developer";
				DEVELOPMENT_TEAM = "";
				GENERATE_INFOPLIST_FILE = YES;
				INFOPLIST_KEY_UIApplicationSceneManifest_Generation = YES;
				INFOPLIST_KEY_UIApplicationSupportsIndirectInputEvents = YES;
				INFOPLIST_KEY_UILaunchScreen_Generation = YES;
				INFOPLIST_KEY_UISupportedInterfaceOrientations_iPad = "UIInterfaceOrientationPortrait UIInterfaceOrientationPortraitUpsideDown UIInterfaceOrientationLandscapeLeft UIInterfaceOrientationLandscapeRight";
				INFOPLIST_KEY_UISupportedInterfaceOrientations_iPhone = "UIInterfaceOrientationPortrait UIInterfaceOrientationLandscapeLeft UIInterfaceOrientationLandscapeRight";
				LD_RUNPATH_SEARCH_PATHS = (
					"$(inherited)",
					"@executable_path/Frameworks",
				);
				PRODUCT_BUNDLE_IDENTIFIER = com.coderemote.relay;
				SDKROOT = iphoneos;
				SUPPORTED_PLATFORMS = "iphonesimulator iphoneos";
				SUPPORTS_MACCATALYST = NO;
				SWIFT_VERSION = 5.9;
				TARGETED_DEVICE_FAMILY = "1,2";
			};
			name = Debug;
		};
/* End XCBuildConfiguration section */

/* Begin XCConfigurationList section */
		5FF462EF36C0695233163317 /* Build configuration list for PBXProject "CodeRelayApp" */ = {
			isa = XCConfigurationList;
			buildConfigurations = (
				80428E0871C67A5E125F80EF /* Debug */,
				F04CB4F9987164140E0BC5B2 /* Release */,
			);
			defaultConfigurationIsVisible = 0;
			defaultConfigurationName = Debug;
		};
		8596EB7BDFDE64FE258C3257 /* Build configuration list for PBXNativeTarget "CodeRelayApp" */ = {
			isa = XCConfigurationList;
			buildConfigurations = (
				FFB3A3E459DAFB12A905558E /* Debug */,
				2C27800A3B35A2CC33D94A53 /* Release */,
			);
			defaultConfigurationIsVisible = 0;
			defaultConfigurationName = Debug;
		};
/* End XCConfigurationList section */

/* Begin XCLocalSwiftPackageReference section */
		46B6C519CBF42AA0E307D57C /* XCLocalSwiftPackageReference "." */ = {
			isa = XCLocalSwiftPackageReference;
			relativePath = .;
		};
/* End XCLocalSwiftPackageReference section */

/* Begin XCRemoteSwiftPackageReference section */
		0D40A41223C478FAB9993E63 /* XCRemoteSwiftPackageReference "SwiftTerm" */ = {
			isa = XCRemoteSwiftPackageReference;
			repositoryURL = "https://github.com/migueldeicaza/SwiftTerm.git";
			requirement = {
				kind = upToNextMajorVersion;
				minimumVersion = 1.2.0;
			};
		};
/* End XCRemoteSwiftPackageReference section */

/* Begin XCSwiftPackageProductDependency section */
		9A5832E3CE53690D389517DC /* SwiftTerm */ = {
			isa = XCSwiftPackageProductDependency;
			package = 0D40A41223C478FAB9993E63 /* XCRemoteSwiftPackageReference "SwiftTerm" */;
			productName = SwiftTerm;
		};
		C3467B6302AE9DCDAE591DA8 /* CodeRelayClient */ = {
			isa = XCSwiftPackageProductDependency;
			productName = CodeRelayClient;
		};
/* End XCSwiftPackageProductDependency section */
	};
	rootObject = EB7AD719A4A67114531F711C /* Project object */;
}
